// !$*UTF8*$!
{
	archiveVersion = 1;
	classes = {
	};
	objectVersion = 46;
	objects = {

/* Begin PBXBuildFile section */
		D07E2A8D1DE2A4EA00346433 /* main.m in Sources */ = {isa = PBXBuildFile; fileRef = D07E2A8C1DE2A4EA00346433 /* main.m */; };
		D07E2A951DE2A6CA00346433 /* Queue.m in Sources */ = {isa = PBXBuildFile; fileRef = D07E2A941DE2A6CA00346433 /* Queue.m */; };
		D07E2A9D1DE2A7DD00346433 /* QueueTests.m in Sources */ = {isa = PBXBuildFile; fileRef = D07E2A9C1DE2A7DD00346433 /* QueueTests.m */; };
		D07E2AA41DE2A9D300346433 /* Queue.m in Sources */ = {isa = PBXBuildFile; fileRef = D07E2A941DE2A6CA00346433 /* Queue.m */; };
/* End PBXBuildFile section */

/* Begin PBXCopyFilesBuildPhase section */
		D07E2A871DE2A4EA00346433 /* CopyFiles */ = {
			isa = PBXCopyFilesBuildPhase;
			buildActionMask = 2147483647;
			dstPath = /usr/share/man/man1/;
			dstSubfolderSpec = 0;
			files = (
			);
			runOnlyForDeploymentPostprocessing = 1;
		};
/* End PBXCopyFilesBuildPhase section */

/* Begin PBXFileReference section */
		D07E2A891DE2A4EA00346433 /* Queue */ = {isa = PBXFileReference; explicitFileType = "compiled.mach-o.executable"; includeInIndex = 0; path = Queue; sourceTree = BUILT_PRODUCTS_DIR; };
		D07E2A8C1DE2A4EA00346433 /* main.m */ = {isa = PBXFileReference; lastKnownFileType = sourcecode.c.objc; path = main.m; sourceTree = "<group>"; };
		D07E2A931DE2A6CA00346433 /* Queue.h */ = {isa = PBXFileReference; fileEncoding = 4; lastKnownFileType = sourcecode.c.h; path = Queue.h; sourceTree = "<group>"; };
		D07E2A941DE2A6CA00346433 /* Queue.m */ = {isa = PBXFileReference; fileEncoding = 4; lastKnownFileType = sourcecode.c.objc; path = Queue.m; sourceTree = "<group>"; };
		D07E2A9A1DE2A7DD00346433 /* QueueTests.xctest */ = {isa = PBXFileReference; explicitFileType = wrapper.cfbundle; includeInIndex = 0; path = QueueTests.xctest; sourceTree = BUILT_PRODUCTS_DIR; };
		D07E2A9C1DE2A7DD00346433 /* QueueTests.m */ = {isa = PBXFileReference; lastKnownFileType = sourcecode.c.objc; path = QueueTests.m; sourceTree = "<group>"; };
		D07E2A9E1DE2A7DD00346433 /* Info.plist */ = {isa = PBXFileReference; lastKnownFileType = text.plist.xml; path = Info.plist; sourceTree = "<group>"; };
/* End PBXFileReference section */

/* Begin PBXFrameworksBuildPhase section */
		D07E2A861DE2A4EA00346433 /* Frameworks */ = {
			isa = PBXFrameworksBuildPhase;
			buildActionMask = 2147483647;
			files = (
			);
			runOnlyForDeploymentPostprocessing = 0;
		};
		D07E2A971DE2A7DD00346433 /* Frameworks */ = {
			isa = PBXFrameworksBuildPhase;
			buildActionMask = 2147483647;
			files = (
			);
			runOnlyForDeploymentPostprocessing = 0;
		};
/* End PBXFrameworksBuildPhase section */

/* Begin PBXGroup section */
		D07E2A801DE2A4EA00346433 = {
			isa = PBXGroup;
			children = (
				D07E2A8B1DE2A4EA00346433 /* Queue */,
				D07E2A9B1DE2A7DD00346433 /* QueueTests */,
				D07E2A8A1DE2A4EA00346433 /* Products */,
			);
			sourceTree = "<group>";
		};
		D07E2A8A1DE2A4EA00346433 /* Products */ = {
			isa = PBXGroup;
			children = (
				D07E2A891DE2A4EA00346433 /* Queue */,
				D07E2A9A1DE2A7DD00346433 /* QueueTests.xctest */,
			);
			name = Products;
			sourceTree = "<group>";
		};
		D07E2A8B1DE2A4EA00346433 /* Queue */ = {
			isa = PBXGroup;
			children = (
				D07E2A8C1DE2A4EA00346433 /* main.m */,
				D07E2A931DE2A6CA00346433 /* Queue.h */,
				D07E2A941DE2A6CA00346433 /* Queue.m */,
			);
			path = Queue;
			sourceTree = "<group>";
		};
		D07E2A9B1DE2A7DD00346433 /* QueueTests */ = {
			isa = PBXGroup;
			children = (
				D07E2A9C1DE2A7DD00346433 /* QueueTests.m */,
				D07E2A9E1DE2A7DD00346433 /* Info.plist */,
			);
			path = QueueTests;
			sourceTree = "<group>";
		};
/* End PBXGroup section */

/* Begin PBXNativeTarget section */
		D07E2A881DE2A4EA00346433 /* Queue */ = {
			isa = PBXNativeTarget;
			buildConfigurationList = D07E2A901DE2A4EA00346433 /* Build configuration list for PBXNativeTarget "Queue" */;
			buildPhases = (
				D07E2A851DE2A4EA00346433 /* Sources */,
				D07E2A861DE2A4EA00346433 /* Frameworks */,
				D07E2A871DE2A4EA00346433 /* CopyFiles */,
			);
			buildRules = (
			);
			dependencies = (
			);
			name = Queue;
			productName = Queue;
			productReference = D07E2A891DE2A4EA00346433 /* Queue */;
			productType = "com.apple.product-type.tool";
		};
		D07E2A991DE2A7DD00346433 /* QueueTests */ = {
			isa = PBXNativeTarget;
			buildConfigurationList = D07E2A9F1DE2A7DD00346433 /* Build configuration list for PBXNativeTarget "QueueTests" */;
			buildPhases = (
				D07E2A961DE2A7DD00346433 /* Sources */,
				D07E2A971DE2A7DD00346433 /* Frameworks */,
				D07E2A981DE2A7DD00346433 /* Resources */,
			);
			buildRules = (
			);
			dependencies = (
			);
			name = QueueTests;
			productName = QueueTests;
			productReference = D07E2A9A1DE2A7DD00346433 /* QueueTests.xctest */;
			productType = "com.apple.product-type.bundle.unit-test";
		};
/* End PBXNativeTarget section */

/* Begin PBXProject section */
		D07E2A811DE2A4EA00346433 /* Project object */ = {
			isa = PBXProject;
			attributes = {
				LastUpgradeCheck = 0800;
				ORGANIZATIONNAME = "Randy McLain";
				TargetAttributes = {
					D07E2A881DE2A4EA00346433 = {
						CreatedOnToolsVersion = 8.0;
						DevelopmentTeam = QWRJC78833;
						ProvisioningStyle = Automatic;
					};
					D07E2A991DE2A7DD00346433 = {
						CreatedOnToolsVersion = 8.0;
						DevelopmentTeam = QWRJC78833;
						ProvisioningStyle = Automatic;
					};
				};
			};
			buildConfigurationList = D07E2A841DE2A4EA00346433 /* Build configuration list for PBXProject "Queue" */;
			compatibilityVersion = "Xcode 3.2";
			developmentRegion = English;
			hasScannedForEncodings = 0;
			knownRegions = (
				en,
			);
			mainGroup = D07E2A801DE2A4EA00346433;
			productRefGroup = D07E2A8A1DE2A4EA00346433 /* Products */;
			projectDirPath = "";
			projectRoot = "";
			targets = (
				D07E2A881DE2A4EA00346433 /* Queue */,
				D07E2A991DE2A7DD00346433 /* QueueTests */,
			);
		};
/* End PBXProject section */

/* Begin PBXResourcesBuildPhase section */
		D07E2A981DE2A7DD00346433 /* Resources */ = {
			isa = PBXResourcesBuildPhase;
			buildActionMask = 2147483647;
			files = (
			);
			runOnlyForDeploymentPostprocessing = 0;
		};
/* End PBXResourcesBuildPhase section */

/* Begin PBXSourcesBuildPhase section */
		D07E2A851DE2A4EA00346433 /* Sources */ = {
			isa = PBXSourcesBuildPhase;
			buildActionMask = 2147483647;
			files = (
				D07E2A8D1DE2A4EA00346433 /* main.m in Sources */,
				D07E2A951DE2A6CA00346433 /* Queue.m in Sources */,
			);
			runOnlyForDeploymentPostprocessing = 0;
		};
		D07E2A961DE2A7DD00346433 /* Sources */ = {
			isa = PBXSourcesBuildPhase;
			buildActionMask = 2147483647;
			files = (
				D07E2A9D1DE2A7DD00346433 /* QueueTests.m in Sources */,
				D07E2AA41DE2A9D300346433 /* Queue.m in Sources */,
			);
			runOnlyForDeploymentPostprocessing = 0;
		};
/* End PBXSourcesBuildPhase section */

/* Begin XCBuildConfiguration section */
		D07E2A8E1DE2A4EA00346433 /* Debug */ = {
			isa = XCBuildConfiguration;
			buildSettings = {
				ALWAYS_SEARCH_USER_PATHS = NO;
				CLANG_ANALYZER_NONNULL = YES;
				CLANG_CXX_LANGUAGE_STANDARD = "gnu++0x";
				CLANG_CXX_LIBRARY = "libc++";
				CLANG_ENABLE_MODULES = YES;
				CLANG_ENABLE_OBJC_ARC = YES;
				CLANG_WARN_BOOL_CONVERSION = YES;
				CLANG_WARN_CONSTANT_CONVERSION = YES;
				CLANG_WARN_DIRECT_OBJC_ISA_USAGE = YES_ERROR;
				CLANG_WARN_DOCUMENTATION_COMMENTS = YES;
				CLANG_WARN_EMPTY_BODY = YES;
				CLANG_WARN_ENUM_CONVERSION = YES;
				CLANG_WARN_INFINITE_RECURSION = YES;
				CLANG_WARN_INT_CONVERSION = YES;
				CLANG_WARN_OBJC_ROOT_CLASS = YES_ERROR;
				CLANG_WARN_SUSPICIOUS_MOVES = YES;
				CLANG_WARN_UNREACHABLE_CODE = YES;
				CLANG_WARN__DUPLICATE_METHOD_MATCH = YES;
				CODE_SIGN_IDENTITY = "-";
				COPY_PHASE_STRIP = NO;
				DEBUG_INFORMATION_FORMAT = dwarf;
				ENABLE_STRICT_OBJC_MSGSEND = YES;
				ENABLE_TESTABILITY = YES;
				GCC_C_LANGUAGE_STANDARD = gnu99;
				GCC_DYNAMIC_NO_PIC = NO;
				GCC_NO_COMMON_BLOCKS = YES;
				GCC_OPTIMIZATION_LEVEL = 0;
				GCC_PREPROCESSOR_DEFINITIONS = (
					"DEBUG=1",
					"$(inherited)",
				);
				GCC_WARN_64_TO_32_BIT_CONVERSION = YES;
				GCC_WARN_ABOUT_RETURN_TYPE = YES_ERROR;
				GCC_WARN_UNDECLARED_SELECTOR = YES;
				GCC_WARN_UNINITIALIZED_AUTOS = YES_AGGRESSIVE;
				GCC_WARN_UNUSED_FUNCTION = YES;
				GCC_WARN_UNUSED_VARIABLE = YES;
				MACOSX_DEPLOYMENT_TARGET = 10.11;
				MTL_ENABLE_DEBUG_INFO = YES;
				ONLY_ACTIVE_ARCH = YES;
				SDKROOT = macosx;
			};
			name = Debug;
		};
		D07E2A8F1DE2A4EA00346433 /* Release */ = {
			isa = XCBuildConfiguration;
			buildSettings = {
				ALWAYS_SEARCH_USER_PATHS = NO;
				CLANG_ANALYZER_NONNULL = YES;
				CLANG_CXX_LANGUAGE_STANDARD = "gnu++0x";
				CLANG_CXX_LIBRARY = "libc++";
				CLANG_ENABLE_MODULES = YES;
				CLANG_ENABLE_OBJC_ARC = YES;
				CLANG_WARN_BOOL_CONVERSION = YES;
				CLANG_WARN_CONSTANT_CONVERSION = YES;
				CLANG_WARN_DIRECT_OBJC_ISA_USAGE = YES_ERROR;
				CLANG_WARN_DOCUMENTATION_COMMENTS = YES;
				CLANG_WARN_EMPTY_BODY = YES;
				CLANG_WARN_ENUM_CONVERSION = YES;
				CLANG_WARN_INFINITE_RECURSION = YES;
				CLANG_WARN_INT_CONVERSION = YES;
				CLANG_WARN_OBJC_ROOT_CLASS = YES_ERROR;
				CLANG_WARN_SUSPICIOUS_MOVES = YES;
				CLANG_WARN_UNREACHABLE_CODE = YES;
				CLANG_WARN__DUPLICATE_METHOD_MATCH = YES;
				CODE_SIGN_IDENTITY = "-";
				COPY_PHASE_STRIP = NO;
				DEBUG_INFORMATION_FORMAT = "dwarf-with-dsym";
				ENABLE_NS_ASSERTIONS = NO;
				ENABLE_STRICT_OBJC_MSGSEND = YES;
				GCC_C_LANGUAGE_STANDARD = gnu99;
				GCC_NO_COMMON_BLOCKS = YES;
				GCC_WARN_64_TO_32_BIT_CONVERSION = YES;
				GCC_WARN_ABOUT_RETURN_TYPE = YES_ERROR;
				GCC_WARN_UNDECLARED_SELECTOR = YES;
				GCC_WARN_UNINITIALIZED_AUTOS = YES_AGGRESSIVE;
				GCC_WARN_UNUSED_FUNCTION = YES;
				GCC_WARN_UNUSED_VARIABLE = YES;
				MACOSX_DEPLOYMENT_TARGET = 10.11;
				MTL_ENABLE_DEBUG_INFO = NO;
				SDKROOT = macosx;
			};
			name = Release;
		};
		D07E2A911DE2A4EA00346433 /* Debug */ = {
			isa = XCBuildConfiguration;
			buildSettings = {
				DEVELOPMENT_TEAM = QWRJC78833;
				PRODUCT_NAME = "$(TARGET_NAME)";
			};
			name = Debug;
		};
		D07E2A921DE2A4EA00346433 /* Release */ = {
			isa = XCBuildConfiguration;
			buildSettings = {
				DEVELOPMENT_TEAM = QWRJC78833;
				PRODUCT_NAME = "$(TARGET_NAME)";
			};
			name = Release;
		};
		D07E2AA01DE2A7DD00346433 /* Debug */ = {
			isa = XCBuildConfiguration;
			buildSettings = {
				COMBINE_HIDPI_IMAGES = YES;
				DEVELOPMENT_TEAM = QWRJC78833;
				INFOPLIST_FILE = QueueTests/Info.plist;
				LD_RUNPATH_SEARCH_PATHS = "$(inherited) @executable_path/../Frameworks @loader_path/../Frameworks";
				PRODUCT_BUNDLE_IDENTIFIER = com.RandyMcLain.QueueTests;
				PRODUCT_NAME = "$(TARGET_NAME)";
			};
			name = Debug;
		};
		D07E2AA11DE2A7DD00346433 /* Release */ = {
			isa = XCBuildConfiguration;
			buildSettings = {
				COMBINE_HIDPI_IMAGES = YES;
				DEVELOPMENT_TEAM = QWRJC78833;
				INFOPLIST_FILE = QueueTests/Info.plist;
				LD_RUNPATH_SEARCH_PATHS = "$(inherited) @executable_path/../Frameworks @loader_path/../Frameworks";
				PRODUCT_BUNDLE_IDENTIFIER = com.RandyMcLain.QueueTests;
				PRODUCT_NAME = "$(TARGET_NAME)";
			};
			name = Release;
		};
/* End XCBuildConfiguration section */

/* Begin XCConfigurationList section */
		D07E2A841DE2A4EA00346433 /* Build configuration list for PBXProject "Queue" */ = {
			isa = XCConfigurationList;
			buildConfigurations = (
				D07E2A8E1DE2A4EA00346433 /* Debug */,
				D07E2A8F1DE2A4EA00346433 /* Release */,
			);
			defaultConfigurationIsVisible = 0;
			defaultConfigurationName = Release;
		};
		D07E2A901DE2A4EA00346433 /* Build configuration list for PBXNativeTarget "Queue" */ = {
			isa = XCConfigurationList;
			buildConfigurations = (
				D07E2A911DE2A4EA00346433 /* Debug */,
				D07E2A921DE2A4EA00346433 /* Release */,
			);
			defaultConfigurationIsVisible = 0;
		};
		D07E2A9F1DE2A7DD00346433 /* Build configuration list for PBXNativeTarget "QueueTests" */ = {
			isa = XCConfigurationList;
			buildConfigurations = (
				D07E2AA01DE2A7DD00346433 /* Debug */,
				D07E2AA11DE2A7DD00346433 /* Release */,
			);
			defaultConfigurationIsVisible = 0;
		};
/* End XCConfigurationList section */
	};
	rootObject = D07E2A811DE2A4EA00346433 /* Project object */;
}
